// !$*UTF8*$!
{
	archiveVersion = 1;
	classes = {
	};
	objectVersion = 46;
	objects = {

/* Begin PBXBuildFile section */
		6CDEA317B4F3B4438B4DA2D9 /* Pods_FamilyBinder.framework in Frameworks */ = {isa = PBXBuildFile; fileRef = F183672AF08D8E0DAEAA01C4 /* Pods_FamilyBinder.framework */; };
		954D7AAF1F198CB3000480A7 /* AppDelegate.swift in Sources */ = {isa = PBXBuildFile; fileRef = 954D7AAE1F198CB3000480A7 /* AppDelegate.swift */; };
		954D7AB11F198CB3000480A7 /* RecipesMasterViewController.swift in Sources */ = {isa = PBXBuildFile; fileRef = 954D7AB01F198CB3000480A7 /* RecipesMasterViewController.swift */; };
		954D7AB31F198CB3000480A7 /* RecipeDetailViewController.swift in Sources */ = {isa = PBXBuildFile; fileRef = 954D7AB21F198CB3000480A7 /* RecipeDetailViewController.swift */; };
		954D7AB61F198CB3000480A7 /* Main.storyboard in Resources */ = {isa = PBXBuildFile; fileRef = 954D7AB41F198CB3000480A7 /* Main.storyboard */; };
		954D7AB81F198CB3000480A7 /* Assets.xcassets in Resources */ = {isa = PBXBuildFile; fileRef = 954D7AB71F198CB3000480A7 /* Assets.xcassets */; };
		954D7ABB1F198CB3000480A7 /* LaunchScreen.storyboard in Resources */ = {isa = PBXBuildFile; fileRef = 954D7AB91F198CB3000480A7 /* LaunchScreen.storyboard */; };
		954D7AC91F198F66000480A7 /* Podfile in Resources */ = {isa = PBXBuildFile; fileRef = 954D7AC81F198F66000480A7 /* Podfile */; };
		954D7ACB1F199034000480A7 /* SpoonacularAPIManager.swift in Sources */ = {isa = PBXBuildFile; fileRef = 954D7ACA1F199034000480A7 /* SpoonacularAPIManager.swift */; };
		954D7ACD1F19D8AE000480A7 /* RecipeRouter.swift in Sources */ = {isa = PBXBuildFile; fileRef = 954D7ACC1F19D8AE000480A7 /* RecipeRouter.swift */; };
		954D7ACF1F19DAD8000480A7 /* Recipe.swift in Sources */ = {isa = PBXBuildFile; fileRef = 954D7ACE1F19DAD8000480A7 /* Recipe.swift */; };
		956789941F2146B50070FEEB /* ScheduledMeal.swift in Sources */ = {isa = PBXBuildFile; fileRef = 956789931F2146B50070FEEB /* ScheduledMeal.swift */; };
		956789961F2147D90070FEEB /* MealTypes.swift in Sources */ = {isa = PBXBuildFile; fileRef = 956789951F2147D90070FEEB /* MealTypes.swift */; };
		956789981F2156190070FEEB /* MealPlan.swift in Sources */ = {isa = PBXBuildFile; fileRef = 956789971F2156190070FEEB /* MealPlan.swift */; };
		9567899A1F216D330070FEEB /* AddToMealPlanTableViewController.swift in Sources */ = {isa = PBXBuildFile; fileRef = 956789991F216D330070FEEB /* AddToMealPlanTableViewController.swift */; };
		9567899D1F226DF10070FEEB /* DateHelper.swift in Sources */ = {isa = PBXBuildFile; fileRef = 9567899C1F226DF10070FEEB /* DateHelper.swift */; };
		956789B01F290E600070FEEB /* RecipeTableViewCell.swift in Sources */ = {isa = PBXBuildFile; fileRef = 956789AF1F290E600070FEEB /* RecipeTableViewCell.swift */; };
		956789B31F294F180070FEEB /* Instruction.swift in Sources */ = {isa = PBXBuildFile; fileRef = 956789B21F294F180070FEEB /* Instruction.swift */; };
		956789B51F29560B0070FEEB /* Ingredient.swift in Sources */ = {isa = PBXBuildFile; fileRef = 956789B41F29560B0070FEEB /* Ingredient.swift */; };
/* End PBXBuildFile section */

/* Begin PBXFileReference section */
		896135F5E96B65B86C6B8365 /* Pods-FamilyBinder.debug.xcconfig */ = {isa = PBXFileReference; includeInIndex = 1; lastKnownFileType = text.xcconfig; name = "Pods-FamilyBinder.debug.xcconfig"; path = "Pods/Target Support Files/Pods-FamilyBinder/Pods-FamilyBinder.debug.xcconfig"; sourceTree = "<group>"; };
		926518CB44F8297EDDC2ED1D /* Pods-FamilyBinder.release.xcconfig */ = {isa = PBXFileReference; includeInIndex = 1; lastKnownFileType = text.xcconfig; name = "Pods-FamilyBinder.release.xcconfig"; path = "Pods/Target Support Files/Pods-FamilyBinder/Pods-FamilyBinder.release.xcconfig"; sourceTree = "<group>"; };
		954D7AAB1F198CB3000480A7 /* FamilyBinder.app */ = {isa = PBXFileReference; explicitFileType = wrapper.application; includeInIndex = 0; path = FamilyBinder.app; sourceTree = BUILT_PRODUCTS_DIR; };
		954D7AAE1F198CB3000480A7 /* AppDelegate.swift */ = {isa = PBXFileReference; lastKnownFileType = sourcecode.swift; path = AppDelegate.swift; sourceTree = "<group>"; };
		954D7AB01F198CB3000480A7 /* RecipesMasterViewController.swift */ = {isa = PBXFileReference; lastKnownFileType = sourcecode.swift; path = RecipesMasterViewController.swift; sourceTree = "<group>"; };
		954D7AB21F198CB3000480A7 /* RecipeDetailViewController.swift */ = {isa = PBXFileReference; lastKnownFileType = sourcecode.swift; path = RecipeDetailViewController.swift; sourceTree = "<group>"; };
		954D7AB51F198CB3000480A7 /* Base */ = {isa = PBXFileReference; lastKnownFileType = file.storyboard; name = Base; path = Base.lproj/Main.storyboard; sourceTree = "<group>"; };
		954D7AB71F198CB3000480A7 /* Assets.xcassets */ = {isa = PBXFileReference; lastKnownFileType = folder.assetcatalog; path = Assets.xcassets; sourceTree = "<group>"; };
		954D7ABA1F198CB3000480A7 /* Base */ = {isa = PBXFileReference; lastKnownFileType = file.storyboard; name = Base; path = Base.lproj/LaunchScreen.storyboard; sourceTree = "<group>"; };
		954D7ABC1F198CB3000480A7 /* Info.plist */ = {isa = PBXFileReference; lastKnownFileType = text.plist.xml; path = Info.plist; sourceTree = "<group>"; };
		954D7AC81F198F66000480A7 /* Podfile */ = {isa = PBXFileReference; fileEncoding = 4; lastKnownFileType = text; path = Podfile; sourceTree = "<group>"; xcLanguageSpecificationIdentifier = xcode.lang.ruby; };
		954D7ACA1F199034000480A7 /* SpoonacularAPIManager.swift */ = {isa = PBXFileReference; fileEncoding = 4; lastKnownFileType = sourcecode.swift; path = SpoonacularAPIManager.swift; sourceTree = "<group>"; };
		954D7ACC1F19D8AE000480A7 /* RecipeRouter.swift */ = {isa = PBXFileReference; fileEncoding = 4; lastKnownFileType = sourcecode.swift; path = RecipeRouter.swift; sourceTree = "<group>"; };
		954D7ACE1F19DAD8000480A7 /* Recipe.swift */ = {isa = PBXFileReference; fileEncoding = 4; lastKnownFileType = sourcecode.swift; path = Recipe.swift; sourceTree = "<group>"; };
		956789931F2146B50070FEEB /* ScheduledMeal.swift */ = {isa = PBXFileReference; fileEncoding = 4; lastKnownFileType = sourcecode.swift; path = ScheduledMeal.swift; sourceTree = "<group>"; };
		956789951F2147D90070FEEB /* MealTypes.swift */ = {isa = PBXFileReference; fileEncoding = 4; lastKnownFileType = sourcecode.swift; path = MealTypes.swift; sourceTree = "<group>"; };
		956789971F2156190070FEEB /* MealPlan.swift */ = {isa = PBXFileReference; fileEncoding = 4; lastKnownFileType = sourcecode.swift; path = MealPlan.swift; sourceTree = "<group>"; };
		956789991F216D330070FEEB /* AddToMealPlanTableViewController.swift */ = {isa = PBXFileReference; fileEncoding = 4; lastKnownFileType = sourcecode.swift; path = AddToMealPlanTableViewController.swift; sourceTree = "<group>"; };
		9567899C1F226DF10070FEEB /* DateHelper.swift */ = {isa = PBXFileReference; fileEncoding = 4; lastKnownFileType = sourcecode.swift; path = DateHelper.swift; sourceTree = "<group>"; };
		956789AF1F290E600070FEEB /* RecipeTableViewCell.swift */ = {isa = PBXFileReference; fileEncoding = 4; lastKnownFileType = sourcecode.swift; path = RecipeTableViewCell.swift; sourceTree = "<group>"; };
		956789B21F294F180070FEEB /* Instruction.swift */ = {isa = PBXFileReference; fileEncoding = 4; lastKnownFileType = sourcecode.swift; path = Instruction.swift; sourceTree = "<group>"; };
		956789B41F29560B0070FEEB /* Ingredient.swift */ = {isa = PBXFileReference; fileEncoding = 4; lastKnownFileType = sourcecode.swift; path = Ingredient.swift; sourceTree = "<group>"; };
		F183672AF08D8E0DAEAA01C4 /* Pods_FamilyBinder.framework */ = {isa = PBXFileReference; explicitFileType = wrapper.framework; includeInIndex = 0; path = Pods_FamilyBinder.framework; sourceTree = BUILT_PRODUCTS_DIR; };
/* End PBXFileReference section */

/* Begin PBXFrameworksBuildPhase section */
		954D7AA81F198CB3000480A7 /* Frameworks */ = {
			isa = PBXFrameworksBuildPhase;
			buildActionMask = 2147483647;
			files = (
				6CDEA317B4F3B4438B4DA2D9 /* Pods_FamilyBinder.framework in Frameworks */,
			);
			runOnlyForDeploymentPostprocessing = 0;
		};
/* End PBXFrameworksBuildPhase section */

/* Begin PBXGroup section */
		62D0E3506FCFBDBDDB9AE02B /* Pods */ = {
			isa = PBXGroup;
			children = (
				896135F5E96B65B86C6B8365 /* Pods-FamilyBinder.debug.xcconfig */,
				926518CB44F8297EDDC2ED1D /* Pods-FamilyBinder.release.xcconfig */,
			);
			name = Pods;
			sourceTree = "<group>";
		};
		7CCA04DAAF354FC396067020 /* Frameworks */ = {
			isa = PBXGroup;
			children = (
				F183672AF08D8E0DAEAA01C4 /* Pods_FamilyBinder.framework */,
			);
			name = Frameworks;
			sourceTree = "<group>";
		};
		954D7AA21F198CB3000480A7 = {
			isa = PBXGroup;
			children = (
				954D7AC81F198F66000480A7 /* Podfile */,
				954D7AAD1F198CB3000480A7 /* FamilyBinder */,
				954D7AAC1F198CB3000480A7 /* Products */,
				62D0E3506FCFBDBDDB9AE02B /* Pods */,
				7CCA04DAAF354FC396067020 /* Frameworks */,
			);
			sourceTree = "<group>";
		};
		954D7AAC1F198CB3000480A7 /* Products */ = {
			isa = PBXGroup;
			children = (
				954D7AAB1F198CB3000480A7 /* FamilyBinder.app */,
			);
			name = Products;
			sourceTree = "<group>";
		};
		954D7AAD1F198CB3000480A7 /* FamilyBinder */ = {
			isa = PBXGroup;
			children = (
				954D7AB41F198CB3000480A7 /* Main.storyboard */,
				956789B11F290EC40070FEEB /* Recipes */,
				956789AD1F27EEC90070FEEB /* Meal Plan */,
				956789AE1F28F7AD0070FEEB /* APIs */,
				9567899B1F226DD30070FEEB /* Utils */,
				956789971F2156190070FEEB /* MealPlan.swift */,
				956789931F2146B50070FEEB /* ScheduledMeal.swift */,
				956789951F2147D90070FEEB /* MealTypes.swift */,
				954D7AAE1F198CB3000480A7 /* AppDelegate.swift */,
				954D7ABC1F198CB3000480A7 /* Info.plist */,
				954D7AB71F198CB3000480A7 /* Assets.xcassets */,
				954D7AB91F198CB3000480A7 /* LaunchScreen.storyboard */,
			);
			path = FamilyBinder;
			sourceTree = "<group>";
		};
		9567899B1F226DD30070FEEB /* Utils */ = {
			isa = PBXGroup;
			children = (
				9567899C1F226DF10070FEEB /* DateHelper.swift */,
			);
			name = Utils;
			sourceTree = "<group>";
		};
		956789AD1F27EEC90070FEEB /* Meal Plan */ = {
			isa = PBXGroup;
			children = (
				956789991F216D330070FEEB /* AddToMealPlanTableViewController.swift */,
			);
			name = "Meal Plan";
			sourceTree = "<group>";
		};
		956789AE1F28F7AD0070FEEB /* APIs */ = {
			isa = PBXGroup;
			children = (
				954D7ACA1F199034000480A7 /* SpoonacularAPIManager.swift */,
				954D7ACC1F19D8AE000480A7 /* RecipeRouter.swift */,
			);
			name = APIs;
			sourceTree = "<group>";
		};
		956789B11F290EC40070FEEB /* Recipes */ = {
			isa = PBXGroup;
			children = (
				954D7ACE1F19DAD8000480A7 /* Recipe.swift */,
				956789B41F29560B0070FEEB /* Ingredient.swift */,
				956789B21F294F180070FEEB /* Instruction.swift */,
				954D7AB01F198CB3000480A7 /* RecipesMasterViewController.swift */,
				956789AF1F290E600070FEEB /* RecipeTableViewCell.swift */,
				954D7AB21F198CB3000480A7 /* RecipeDetailViewController.swift */,
			);
			name = Recipes;
			sourceTree = "<group>";
		};
/* End PBXGroup section */

/* Begin PBXNativeTarget section */
		954D7AAA1F198CB3000480A7 /* FamilyBinder */ = {
			isa = PBXNativeTarget;
			buildConfigurationList = 954D7ABF1F198CB3000480A7 /* Build configuration list for PBXNativeTarget "FamilyBinder" */;
			buildPhases = (
				7EFD8AD15A55F41B74015514 /* [CP] Check Pods Manifest.lock */,
				954D7AA71F198CB3000480A7 /* Sources */,
				954D7AA81F198CB3000480A7 /* Frameworks */,
				954D7AA91F198CB3000480A7 /* Resources */,
				E2F61FB33F1B352EA9B1A7BA /* [CP] Embed Pods Frameworks */,
				C22B99D8E5EDCC8CC4F6F722 /* [CP] Copy Pods Resources */,
			);
			buildRules = (
			);
			dependencies = (
			);
			name = FamilyBinder;
			productName = FamilyBinder;
			productReference = 954D7AAB1F198CB3000480A7 /* FamilyBinder.app */;
			productType = "com.apple.product-type.application";
		};
/* End PBXNativeTarget section */

/* Begin PBXProject section */
		954D7AA31F198CB3000480A7 /* Project object */ = {
			isa = PBXProject;
			attributes = {
				LastSwiftUpdateCheck = 0830;
				LastUpgradeCheck = 0830;
				ORGANIZATIONNAME = kimMathieu;
				TargetAttributes = {
					954D7AAA1F198CB3000480A7 = {
						CreatedOnToolsVersion = 8.3.3;
						DevelopmentTeam = HW8RH4DBAM;
						ProvisioningStyle = Automatic;
					};
				};
			};
			buildConfigurationList = 954D7AA61F198CB3000480A7 /* Build configuration list for PBXProject "FamilyBinder" */;
			compatibilityVersion = "Xcode 3.2";
			developmentRegion = English;
			hasScannedForEncodings = 0;
			knownRegions = (
				en,
				Base,
			);
			mainGroup = 954D7AA21F198CB3000480A7;
			productRefGroup = 954D7AAC1F198CB3000480A7 /* Products */;
			projectDirPath = "";
			projectRoot = "";
			targets = (
				954D7AAA1F198CB3000480A7 /* FamilyBinder */,
			);
		};
/* End PBXProject section */

/* Begin PBXResourcesBuildPhase section */
		954D7AA91F198CB3000480A7 /* Resources */ = {
			isa = PBXResourcesBuildPhase;
			buildActionMask = 2147483647;
			files = (
				954D7ABB1F198CB3000480A7 /* LaunchScreen.storyboard in Resources */,
				954D7AB81F198CB3000480A7 /* Assets.xcassets in Resources */,
				954D7AC91F198F66000480A7 /* Podfile in Resources */,
				954D7AB61F198CB3000480A7 /* Main.storyboard in Resources */,
			);
			runOnlyForDeploymentPostprocessing = 0;
		};
/* End PBXResourcesBuildPhase section */

/* Begin PBXShellScriptBuildPhase section */
		7EFD8AD15A55F41B74015514 /* [CP] Check Pods Manifest.lock */ = {
			isa = PBXShellScriptBuildPhase;
			buildActionMask = 2147483647;
			files = (
			);
			inputPaths = (
			);
			name = "[CP] Check Pods Manifest.lock";
			outputPaths = (
			);
			runOnlyForDeploymentPostprocessing = 0;
			shellPath = /bin/sh;
			shellScript = "diff \"${PODS_PODFILE_DIR_PATH}/Podfile.lock\" \"${PODS_ROOT}/Manifest.lock\" > /dev/null\nif [ $? != 0 ] ; then\n    # print error to STDERR\n    echo \"error: The sandbox is not in sync with the Podfile.lock. Run 'pod install' or update your CocoaPods installation.\" >&2\n    exit 1\nfi\n";
			showEnvVarsInLog = 0;
		};
		C22B99D8E5EDCC8CC4F6F722 /* [CP] Copy Pods Resources */ = {
			isa = PBXShellScriptBuildPhase;
			buildActionMask = 2147483647;
			files = (
			);
			inputPaths = (
			);
			name = "[CP] Copy Pods Resources";
			outputPaths = (
			);
			runOnlyForDeploymentPostprocessing = 0;
			shellPath = /bin/sh;
			shellScript = "\"${SRCROOT}/Pods/Target Support Files/Pods-FamilyBinder/Pods-FamilyBinder-resources.sh\"\n";
			showEnvVarsInLog = 0;
		};
		E2F61FB33F1B352EA9B1A7BA /* [CP] Embed Pods Frameworks */ = {
			isa = PBXShellScriptBuildPhase;
			buildActionMask = 2147483647;
			files = (
			);
			inputPaths = (
			);
			name = "[CP] Embed Pods Frameworks";
			outputPaths = (
			);
			runOnlyForDeploymentPostprocessing = 0;
			shellPath = /bin/sh;
			shellScript = "\"${SRCROOT}/Pods/Target Support Files/Pods-FamilyBinder/Pods-FamilyBinder-frameworks.sh\"\n";
			showEnvVarsInLog = 0;
		};
/* End PBXShellScriptBuildPhase section */

/* Begin PBXSourcesBuildPhase section */
		954D7AA71F198CB3000480A7 /* Sources */ = {
			isa = PBXSourcesBuildPhase;
			buildActionMask = 2147483647;
			files = (
				954D7AB31F198CB3000480A7 /* RecipeDetailViewController.swift in Sources */,
				956789941F2146B50070FEEB /* ScheduledMeal.swift in Sources */,
				956789B51F29560B0070FEEB /* Ingredient.swift in Sources */,
				954D7AB11F198CB3000480A7 /* RecipesMasterViewController.swift in Sources */,
				956789B01F290E600070FEEB /* RecipeTableViewCell.swift in Sources */,
				954D7ACB1F199034000480A7 /* SpoonacularAPIManager.swift in Sources */,
				954D7ACF1F19DAD8000480A7 /* Recipe.swift in Sources */,
				954D7AAF1F198CB3000480A7 /* AppDelegate.swift in Sources */,
				9567899A1F216D330070FEEB /* AddToMealPlanTableViewController.swift in Sources */,
				956789981F2156190070FEEB /* MealPlan.swift in Sources */,
				956789B31F294F180070FEEB /* Instruction.swift in Sources */,
				956789961F2147D90070FEEB /* MealTypes.swift in Sources */,
				9567899D1F226DF10070FEEB /* DateHelper.swift in Sources */,
				954D7ACD1F19D8AE000480A7 /* RecipeRouter.swift in Sources */,
			);
			runOnlyForDeploymentPostprocessing = 0;
		};
/* End PBXSourcesBuildPhase section */

/* Begin PBXVariantGroup section */
		954D7AB41F198CB3000480A7 /* Main.storyboard */ = {
			isa = PBXVariantGroup;
			children = (
				954D7AB51F198CB3000480A7 /* Base */,
			);
			name = Main.storyboard;
			sourceTree = "<group>";
		};
		954D7AB91F198CB3000480A7 /* LaunchScreen.storyboard */ = {
			isa = PBXVariantGroup;
			children = (
				954D7ABA1F198CB3000480A7 /* Base */,
			);
			name = LaunchScreen.storyboard;
			sourceTree = "<group>";
		};
/* End PBXVariantGroup section */

/* Begin XCBuildConfiguration section */
		954D7ABD1F198CB3000480A7 /* Debug */ = {
			isa = XCBuildConfiguration;
			buildSettings = {
				ALWAYS_SEARCH_USER_PATHS = NO;
				CLANG_ANALYZER_NONNULL = YES;
				CLANG_ANALYZER_NUMBER_OBJECT_CONVERSION = YES_AGGRESSIVE;
				CLANG_CXX_LANGUAGE_STANDARD = "gnu++0x";
				CLANG_CXX_LIBRARY = "libc++";
				CLANG_ENABLE_MODULES = YES;
				CLANG_ENABLE_OBJC_ARC = YES;
				CLANG_WARN_BOOL_CONVERSION = YES;
				CLANG_WARN_CONSTANT_CONVERSION = YES;
				CLANG_WARN_DIRECT_OBJC_ISA_USAGE = YES_ERROR;
				CLANG_WARN_DOCUMENTATION_COMMENTS = YES;
				CLANG_WARN_EMPTY_BODY = YES;
				CLANG_WARN_ENUM_CONVERSION = YES;
				CLANG_WARN_INFINITE_RECURSION = YES;
				CLANG_WARN_INT_CONVERSION = YES;
				CLANG_WARN_OBJC_ROOT_CLASS = YES_ERROR;
				CLANG_WARN_SUSPICIOUS_MOVE = YES;
				CLANG_WARN_UNREACHABLE_CODE = YES;
				CLANG_WARN__DUPLICATE_METHOD_MATCH = YES;
				"CODE_SIGN_IDENTITY[sdk=iphoneos*]" = "iPhone Developer";
				COPY_PHASE_STRIP = NO;
				DEBUG_INFORMATION_FORMAT = dwarf;
				ENABLE_STRICT_OBJC_MSGSEND = YES;
				ENABLE_TESTABILITY = YES;
				GCC_C_LANGUAGE_STANDARD = gnu99;
				GCC_DYNAMIC_NO_PIC = NO;
				GCC_NO_COMMON_BLOCKS = YES;
				GCC_OPTIMIZATION_LEVEL = 0;
				GCC_PREPROCESSOR_DEFINITIONS = (
					"DEBUG=1",
					"$(inherited)",
				);
				GCC_WARN_64_TO_32_BIT_CONVERSION = YES;
				GCC_WARN_ABOUT_RETURN_TYPE = YES_ERROR;
				GCC_WARN_UNDECLARED_SELECTOR = YES;
				GCC_WARN_UNINITIALIZED_AUTOS = YES_AGGRESSIVE;
				GCC_WARN_UNUSED_FUNCTION = YES;
				GCC_WARN_UNUSED_VARIABLE = YES;
				IPHONEOS_DEPLOYMENT_TARGET = 10.3;
				MTL_ENABLE_DEBUG_INFO = YES;
				ONLY_ACTIVE_ARCH = YES;
				SDKROOT = iphoneos;
				SWIFT_ACTIVE_COMPILATION_CONDITIONS = DEBUG;
				SWIFT_OPTIMIZATION_LEVEL = "-Onone";
				TARGETED_DEVICE_FAMILY = "1,2";
			};
			name = Debug;
		};
		954D7ABE1F198CB3000480A7 /* Release */ = {
			isa = XCBuildConfiguration;
			buildSettings = {
				ALWAYS_SEARCH_USER_PATHS = NO;
				CLANG_ANALYZER_NONNULL = YES;
				CLANG_ANALYZER_NUMBER_OBJECT_CONVERSION = YES_AGGRESSIVE;
				CLANG_CXX_LANGUAGE_STANDARD = "gnu++0x";
				CLANG_CXX_LIBRARY = "libc++";
				CLANG_ENABLE_MODULES = YES;
				CLANG_ENABLE_OBJC_ARC = YES;
				CLANG_WARN_BOOL_CONVERSION = YES;
				CLANG_WARN_CONSTANT_CONVERSION = YES;
				CLANG_WARN_DIRECT_OBJC_ISA_USAGE = YES_ERROR;
				CLANG_WARN_DOCUMENTATION_COMMENTS = YES;
				CLANG_WARN_EMPTY_BODY = YES;
				CLANG_WARN_ENUM_CONVERSION = YES;
				CLANG_WARN_INFINITE_RECURSION = YES;
				CLANG_WARN_INT_CONVERSION = YES;
				CLANG_WARN_OBJC_ROOT_CLASS = YES_ERROR;
				CLANG_WARN_SUSPICIOUS_MOVE = YES;
				CLANG_WARN_UNREACHABLE_CODE = YES;
				CLANG_WARN__DUPLICATE_METHOD_MATCH = YES;
				"CODE_SIGN_IDENTITY[sdk=iphoneos*]" = "iPhone Developer";
				COPY_PHASE_STRIP = NO;
				DEBUG_INFORMATION_FORMAT = "dwarf-with-dsym";
				ENABLE_NS_ASSERTIONS = NO;
				ENABLE_STRICT_OBJC_MSGSEND = YES;
				GCC_C_LANGUAGE_STANDARD = gnu99;
				GCC_NO_COMMON_BLOCKS = YES;
				GCC_WARN_64_TO_32_BIT_CONVERSION = YES;
				GCC_WARN_ABOUT_RETURN_TYPE = YES_ERROR;
				GCC_WARN_UNDECLARED_SELECTOR = YES;
				GCC_WARN_UNINITIALIZED_AUTOS = YES_AGGRESSIVE;
				GCC_WARN_UNUSED_FUNCTION = YES;
				GCC_WARN_UNUSED_VARIABLE = YES;
				IPHONEOS_DEPLOYMENT_TARGET = 10.3;
				MTL_ENABLE_DEBUG_INFO = NO;
				SDKROOT = iphoneos;
				SWIFT_OPTIMIZATION_LEVEL = "-Owholemodule";
				TARGETED_DEVICE_FAMILY = "1,2";
				VALIDATE_PRODUCT = YES;
			};
			name = Release;
		};
		954D7AC01F198CB3000480A7 /* Debug */ = {
			isa = XCBuildConfiguration;
			baseConfigurationReference = 896135F5E96B65B86C6B8365 /* Pods-FamilyBinder.debug.xcconfig */;
			buildSettings = {
				ASSETCATALOG_COMPILER_APPICON_NAME = AppIcon;
				DEVELOPMENT_TEAM = HW8RH4DBAM;
				INFOPLIST_FILE = FamilyBinder/Info.plist;
				LD_RUNPATH_SEARCH_PATHS = "$(inherited) @executable_path/Frameworks";
				PRODUCT_BUNDLE_IDENTIFIER = com.kimMathieu.FamilyBinder;
				PRODUCT_NAME = "$(TARGET_NAME)";
				SWIFT_VERSION = 3.0;
			};
			name = Debug;
		};
		954D7AC11F198CB3000480A7 /* Release */ = {
			isa = XCBuildConfiguration;
			baseConfigurationReference = 926518CB44F8297EDDC2ED1D /* Pods-FamilyBinder.release.xcconfig */;
			buildSettings = {
				ASSETCATALOG_COMPILER_APPICON_NAME = AppIcon;
				DEVELOPMENT_TEAM = HW8RH4DBAM;
				INFOPLIST_FILE = FamilyBinder/Info.plist;
				LD_RUNPATH_SEARCH_PATHS = "$(inherited) @executable_path/Frameworks";
				PRODUCT_BUNDLE_IDENTIFIER = com.kimMathieu.FamilyBinder;
				PRODUCT_NAME = "$(TARGET_NAME)";
				SWIFT_VERSION = 3.0;
			};
			name = Release;
		};
/* End XCBuildConfiguration section */

/* Begin XCConfigurationList section */
		954D7AA61F198CB3000480A7 /* Build configuration list for PBXProject "FamilyBinder" */ = {
			isa = XCConfigurationList;
			buildConfigurations = (
				954D7ABD1F198CB3000480A7 /* Debug */,
				954D7ABE1F198CB3000480A7 /* Release */,
			);
			defaultConfigurationIsVisible = 0;
			defaultConfigurationName = Release;
		};
		954D7ABF1F198CB3000480A7 /* Build configuration list for PBXNativeTarget "FamilyBinder" */ = {
			isa = XCConfigurationList;
			buildConfigurations = (
				954D7AC01F198CB3000480A7 /* Debug */,
				954D7AC11F198CB3000480A7 /* Release */,
			);
			defaultConfigurationIsVisible = 0;
			defaultConfigurationName = Release;
		};
/* End XCConfigurationList section */
	};
	rootObject = 954D7AA31F198CB3000480A7 /* Project object */;
}
